
Microsoft Visual Studio Solution File, Format Version 12.00
# Visual Studio 15
VisualStudioVersion = 15.0.27703.2042
MinimumVisualStudioVersion = 10.0.40219.1
Project("{FAE04EC0-301F-11D3-BF4B-00C04F79EFBC}") = "MaxElementSearch", "MaxElementSearch\MaxElementSearch.csproj", "{FBC38AA3-1740-4ADF-8123-0A4860C08AFC}"
EndProject
Project("{FAE04EC0-301F-11D3-BF4B-00C04F79EFBC}") = "MaxElementSearch.Tests", "MaxElementSearch.Tests\MaxElementSearch.Tests.csproj", "{F7FB35E5-C892-403D-A7ED-FAB4090A0202}"
EndProject
Project("{FAE04EC0-301F-11D3-BF4B-00C04F79EFBC}") = "NumbersService", "NumbersService\NumbersService.csproj", "{36D4639F-585F-43F5-B0EA-754B2D4E57D5}"
EndProject
Project("{FAE04EC0-301F-11D3-BF4B-00C04F79EFBC}") = "NumbersService.Tests", "NumbersService.Tests\NumbersService.Tests.csproj", "{2C0EDEBC-F60D-4E68-967A-E148104C557C}"
EndProject
Project("{FAE04EC0-301F-11D3-BF4B-00C04F79EFBC}") = "NumbersService.MsTests", "NumbersService.MsTests\NumbersService.MsTests.csproj", "{32C87F70-611D-4513-BCEF-7011E986912B}"
EndProject
Global
	GlobalSection(SolutionConfigurationPlatforms) = preSolution
		Debug|Any CPU = Debug|Any CPU
		Release|Any CPU = Release|Any CPU
	EndGlobalSection
	GlobalSection(ProjectConfigurationPlatforms) = postSolution
		{FBC38AA3-1740-4ADF-8123-0A4860C08AFC}.Debug|Any CPU.ActiveCfg = Debug|Any CPU
		{FBC38AA3-1740-4ADF-8123-0A4860C08AFC}.Debug|Any CPU.Build.0 = Debug|Any CPU
		{FBC38AA3-1740-4ADF-8123-0A4860C08AFC}.Release|Any CPU.ActiveCfg = Release|Any CPU
		{FBC38AA3-1740-4ADF-8123-0A4860C08AFC}.Release|Any CPU.Build.0 = Release|Any CPU
		{F7FB35E5-C892-403D-A7ED-FAB4090A0202}.Debug|Any CPU.ActiveCfg = Debug|Any CPU
		{F7FB35E5-C892-403D-A7ED-FAB4090A0202}.Debug|Any CPU.Build.0 = Debug|Any CPU
		{F7FB35E5-C892-403D-A7ED-FAB4090A0202}.Release|Any CPU.ActiveCfg = Release|Any CPU
		{F7FB35E5-C892-403D-A7ED-FAB4090A0202}.Release|Any CPU.Build.0 = Release|Any CPU
		{36D4639F-585F-43F5-B0EA-754B2D4E57D5}.Debug|Any CPU.ActiveCfg = Debug|Any CPU
		{36D4639F-585F-43F5-B0EA-754B2D4E57D5}.Debug|Any CPU.Build.0 = Debug|Any CPU
		{36D4639F-585F-43F5-B0EA-754B2D4E57D5}.Release|Any CPU.ActiveCfg = Release|Any CPU
		{36D4639F-585F-43F5-B0EA-754B2D4E57D5}.Release|Any CPU.Build.0 = Release|Any CPU
		{2C0EDEBC-F60D-4E68-967A-E148104C557C}.Debug|Any CPU.ActiveCfg = Debug|Any CPU
		{2C0EDEBC-F60D-4E68-967A-E148104C557C}.Debug|Any CPU.Build.0 = Debug|Any CPU
		{2C0EDEBC-F60D-4E68-967A-E148104C557C}.Release|Any CPU.ActiveCfg = Release|Any CPU
		{2C0EDEBC-F60D-4E68-967A-E148104C557C}.Release|Any CPU.Build.0 = Release|Any CPU
		{32C87F70-611D-4513-BCEF-7011E986912B}.Debug|Any CPU.ActiveCfg = Debug|Any CPU
		{32C87F70-611D-4513-BCEF-7011E986912B}.Debug|Any CPU.Build.0 = Debug|Any CPU
		{32C87F70-611D-4513-BCEF-7011E986912B}.Release|Any CPU.ActiveCfg = Release|Any CPU
		{32C87F70-611D-4513-BCEF-7011E986912B}.Release|Any CPU.Build.0 = Release|Any CPU
	EndGlobalSection
	GlobalSection(SolutionProperties) = preSolution
		HideSolutionNode = FALSE
	EndGlobalSection
	GlobalSection(ExtensibilityGlobals) = postSolution
		SolutionGuid = {FEDA3E89-0E0F-4388-B540-11AD4EC36532}
	EndGlobalSection
EndGlobal
